
Microsoft Visual Studio Solution File, Format Version 12.00
# Visual Studio 2013
VisualStudioVersion = 12.0.21005.1
MinimumVisualStudioVersion = 10.0.40219.1
Project("{2150E333-8FDC-42A3-9474-1A3956D46DE8}") = "01.UserInterface", "01.UserInterface", "{D99EA54E-8FAD-4179-AD81-A2096801E5C7}"
EndProject
Project("{FAE04EC0-301F-11D3-BF4B-00C04F79EFBC}") = "Web", "Web\Web.csproj", "{E89B9408-06EE-4DDD-9D8A-8A765FA1C944}"
EndProject
Project("{2150E333-8FDC-42A3-9474-1A3956D46DE8}") = "02.Service", "02.Service", "{664D68A2-264B-4251-96FA-81F0CCE9058B}"
EndProject
Project("{FAE04EC0-301F-11D3-BF4B-00C04F79EFBC}") = "BLL", "BLL\BLL.csproj", "{3BDBBB13-9924-4905-9A1F-47955685180D}"
EndProject
Project("{FAE04EC0-301F-11D3-BF4B-00C04F79EFBC}") = "IBLL", "IBLL\IBLL.csproj", "{83AF854C-E245-4B92-AA57-D935B16852C8}"
EndProject
Project("{2150E333-8FDC-42A3-9474-1A3956D46DE8}") = "03.Respositry", "03.Respositry", "{448F045E-8777-459D-A48B-C4E01D411547}"
EndProject
Project("{2150E333-8FDC-42A3-9474-1A3956D46DE8}") = "04.Infrastructure", "04.Infrastructure", "{0E590A05-1B23-4EA6-B7EC-84B1C040AD76}"
EndProject
Project("{FAE04EC0-301F-11D3-BF4B-00C04F79EFBC}") = "IDAL", "IDAL\IDAL.csproj", "{0F12205E-B95E-4E69-BC3D-E48D57E6991F}"
EndProject
Project("{FAE04EC0-301F-11D3-BF4B-00C04F79EFBC}") = "MSSQLDAL", "MSSQLDAL\MSSQLDAL.csproj", "{AA7EC867-A6A3-43BD-A5C1-D8BA3805E3C3}"
EndProject
Project("{FAE04EC0-301F-11D3-BF4B-00C04F79EFBC}") = "Model", "Model\Model.csproj", "{51415EB8-7B82-4EE7-A643-11F5EBA4F65E}"
EndProject
Project("{FAE04EC0-301F-11D3-BF4B-00C04F79EFBC}") = "Utility", "Utility\Utility.csproj", "{17D4FF88-AE42-432D-B9F1-2264C26660F6}"
EndProject
Project("{2150E333-8FDC-42A3-9474-1A3956D46DE8}") = "00.Design", "00.Design", "{18C4F39A-56B8-4024-A913-A1F73B0597D3}"
EndProject
Project("{F088123C-0E9E-452A-89E6-6BA2F21D5CAC}") = "InventoryDesign", "InventoryDesign\InventoryDesign.modelproj", "{78EE96D5-72C0-4277-85E7-A02CF8F5AE28}"
EndProject
Project("{2150E333-8FDC-42A3-9474-1A3956D46DE8}") = "09.Libs", "09.Libs", "{CA0C4E04-8E8F-425B-BC8D-DAF8449140EC}"
	ProjectSection(SolutionItems) = preProject
		Libs\Microsoft.ReportViewer.WebForms.dll = Libs\Microsoft.ReportViewer.WebForms.dll
		Libs\MvcCheckBoxList.dll = Libs\MvcCheckBoxList.dll
	EndProjectSection
EndProject
Project("{2150E333-8FDC-42A3-9474-1A3956D46DE8}") = "05.WebService", "05.WebService", "{25CD5E1A-1EE9-4B5F-9C63-5E39FD4F24C2}"
EndProject
Project("{FAE04EC0-301F-11D3-BF4B-00C04F79EFBC}") = "AnkeOAService", "AnkeOAService\AnkeOAService.csproj", "{C0008443-FD1E-470E-B6F2-30D3312D05D4}"
EndProject
Global
	GlobalSection(SolutionConfigurationPlatforms) = preSolution
		Debug|Any CPU = Debug|Any CPU
		Release|Any CPU = Release|Any CPU
	EndGlobalSection
	GlobalSection(ProjectConfigurationPlatforms) = postSolution
		{E89B9408-06EE-4DDD-9D8A-8A765FA1C944}.Debug|Any CPU.ActiveCfg = Debug|Any CPU
		{E89B9408-06EE-4DDD-9D8A-8A765FA1C944}.Debug|Any CPU.Build.0 = Debug|Any CPU
		{E89B9408-06EE-4DDD-9D8A-8A765FA1C944}.Release|Any CPU.ActiveCfg = Release|Any CPU
		{E89B9408-06EE-4DDD-9D8A-8A765FA1C944}.Release|Any CPU.Build.0 = Release|Any CPU
		{3BDBBB13-9924-4905-9A1F-47955685180D}.Debug|Any CPU.ActiveCfg = Debug|Any CPU
		{3BDBBB13-9924-4905-9A1F-47955685180D}.Debug|Any CPU.Build.0 = Debug|Any CPU
		{3BDBBB13-9924-4905-9A1F-47955685180D}.Release|Any CPU.ActiveCfg = Release|Any CPU
		{3BDBBB13-9924-4905-9A1F-47955685180D}.Release|Any CPU.Build.0 = Release|Any CPU
		{83AF854C-E245-4B92-AA57-D935B16852C8}.Debug|Any CPU.ActiveCfg = Debug|Any CPU
		{83AF854C-E245-4B92-AA57-D935B16852C8}.Debug|Any CPU.Build.0 = Debug|Any CPU
		{83AF854C-E245-4B92-AA57-D935B16852C8}.Release|Any CPU.ActiveCfg = Release|Any CPU
		{83AF854C-E245-4B92-AA57-D935B16852C8}.Release|Any CPU.Build.0 = Release|Any CPU
		{0F12205E-B95E-4E69-BC3D-E48D57E6991F}.Debug|Any CPU.ActiveCfg = Debug|Any CPU
		{0F12205E-B95E-4E69-BC3D-E48D57E6991F}.Debug|Any CPU.Build.0 = Debug|Any CPU
		{0F12205E-B95E-4E69-BC3D-E48D57E6991F}.Release|Any CPU.ActiveCfg = Release|Any CPU
		{0F12205E-B95E-4E69-BC3D-E48D57E6991F}.Release|Any CPU.Build.0 = Release|Any CPU
		{AA7EC867-A6A3-43BD-A5C1-D8BA3805E3C3}.Debug|Any CPU.ActiveCfg = Debug|Any CPU
		{AA7EC867-A6A3-43BD-A5C1-D8BA3805E3C3}.Debug|Any CPU.Build.0 = Debug|Any CPU
		{AA7EC867-A6A3-43BD-A5C1-D8BA3805E3C3}.Release|Any CPU.ActiveCfg = Release|Any CPU
		{AA7EC867-A6A3-43BD-A5C1-D8BA3805E3C3}.Release|Any CPU.Build.0 = Release|Any CPU
		{51415EB8-7B82-4EE7-A643-11F5EBA4F65E}.Debug|Any CPU.ActiveCfg = Debug|Any CPU
		{51415EB8-7B82-4EE7-A643-11F5EBA4F65E}.Debug|Any CPU.Build.0 = Debug|Any CPU
		{51415EB8-7B82-4EE7-A643-11F5EBA4F65E}.Release|Any CPU.ActiveCfg = Release|Any CPU
		{51415EB8-7B82-4EE7-A643-11F5EBA4F65E}.Release|Any CPU.Build.0 = Release|Any CPU
		{17D4FF88-AE42-432D-B9F1-2264C26660F6}.Debug|Any CPU.ActiveCfg = Debug|Any CPU
		{17D4FF88-AE42-432D-B9F1-2264C26660F6}.Debug|Any CPU.Build.0 = Debug|Any CPU
		{17D4FF88-AE42-432D-B9F1-2264C26660F6}.Release|Any CPU.ActiveCfg = Release|Any CPU
		{17D4FF88-AE42-432D-B9F1-2264C26660F6}.Release|Any CPU.Build.0 = Release|Any CPU
		{78EE96D5-72C0-4277-85E7-A02CF8F5AE28}.Debug|Any CPU.ActiveCfg = Debug|Any CPU
		{78EE96D5-72C0-4277-85E7-A02CF8F5AE28}.Debug|Any CPU.Build.0 = Debug|Any CPU
		{78EE96D5-72C0-4277-85E7-A02CF8F5AE28}.Release|Any CPU.ActiveCfg = Release|Any CPU
		{78EE96D5-72C0-4277-85E7-A02CF8F5AE28}.Release|Any CPU.Build.0 = Release|Any CPU
		{C0008443-FD1E-470E-B6F2-30D3312D05D4}.Debug|Any CPU.ActiveCfg = Debug|Any CPU
		{C0008443-FD1E-470E-B6F2-30D3312D05D4}.Debug|Any CPU.Build.0 = Debug|Any CPU
		{C0008443-FD1E-470E-B6F2-30D3312D05D4}.Release|Any CPU.ActiveCfg = Release|Any CPU
		{C0008443-FD1E-470E-B6F2-30D3312D05D4}.Release|Any CPU.Build.0 = Release|Any CPU
	EndGlobalSection
	GlobalSection(SolutionProperties) = preSolution
		HideSolutionNode = FALSE
	EndGlobalSection
	GlobalSection(NestedProjects) = preSolution
		{E89B9408-06EE-4DDD-9D8A-8A765FA1C944} = {D99EA54E-8FAD-4179-AD81-A2096801E5C7}
		{3BDBBB13-9924-4905-9A1F-47955685180D} = {664D68A2-264B-4251-96FA-81F0CCE9058B}
		{83AF854C-E245-4B92-AA57-D935B16852C8} = {664D68A2-264B-4251-96FA-81F0CCE9058B}
		{0F12205E-B95E-4E69-BC3D-E48D57E6991F} = {448F045E-8777-459D-A48B-C4E01D411547}
		{AA7EC867-A6A3-43BD-A5C1-D8BA3805E3C3} = {448F045E-8777-459D-A48B-C4E01D411547}
		{51415EB8-7B82-4EE7-A643-11F5EBA4F65E} = {0E590A05-1B23-4EA6-B7EC-84B1C040AD76}
		{17D4FF88-AE42-432D-B9F1-2264C26660F6} = {0E590A05-1B23-4EA6-B7EC-84B1C040AD76}
		{78EE96D5-72C0-4277-85E7-A02CF8F5AE28} = {18C4F39A-56B8-4024-A913-A1F73B0597D3}
		{C0008443-FD1E-470E-B6F2-30D3312D05D4} = {25CD5E1A-1EE9-4B5F-9C63-5E39FD4F24C2}
	EndGlobalSection
EndGlobal
